#
# This file is autogenerated by pip-compile with Python 3.12
# by the following command:
#
#    pip-compile --extra=broker --extra=dev --extra=ml --extra=tui --output-file=requirements.lock --strip-extras pyproject.toml
#
alembic==1.18.4
    # via optuna
annotated-doc==0.0.4
    # via typer
annotated-types==0.7.0
    # via pydantic
click==8.3.3
    # via typer
cloudpickle==3.1.2
    # via shap
colorama==0.4.6
    # via
    #   click
    #   colorlog
    #   loguru
    #   pytest
    #   tqdm
colorlog==6.10.1
    # via optuna
coverage==7.13.5
    # via pytest-cov
filelock==3.29.0
    # via torch
fsspec==2026.3.0
    # via torch
greenlet==3.4.0
    # via sqlalchemy
hypothesis==6.152.3
    # via dominion (pyproject.toml)
iniconfig==2.3.0
    # via pytest
jinja2==3.1.6
    # via torch
joblib==1.5.3
    # via scikit-learn
lightgbm==4.6.0
    # via dominion (pyproject.toml)
linkify-it-py==2.1.0
    # via markdown-it-py
llvmlite==0.47.0
    # via
    #   numba
    #   shap
loguru==0.7.3
    # via dominion (pyproject.toml)
mako==1.3.11
    # via alembic
markdown-it-py==4.0.0
    # via
    #   mdit-py-plugins
    #   rich
    #   textual
markupsafe==3.0.3
    # via
    #   jinja2
    #   mako
mdit-py-plugins==0.5.0
    # via textual
mdurl==0.1.2
    # via markdown-it-py
metatrader5==5.0.5735
    # via dominion (pyproject.toml)
mpmath==1.3.0
    # via sympy
networkx==3.6.1
    # via torch
numba==0.65.1
    # via shap
numpy==2.4.4
    # via
    #   dominion (pyproject.toml)
    #   lightgbm
    #   metatrader5
    #   numba
    #   optuna
    #   pandas
    #   patsy
    #   scikit-learn
    #   scipy
    #   shap
    #   statsmodels
    #   xgboost
optuna==4.8.0
    # via dominion (pyproject.toml)
packaging==26.2
    # via
    #   optuna
    #   pytest
    #   shap
    #   statsmodels
pandas==3.0.2
    # via
    #   dominion (pyproject.toml)
    #   shap
    #   statsmodels
patsy==1.0.2
    # via statsmodels
platformdirs==4.9.6
    # via textual
plotext==5.3.2
    # via dominion (pyproject.toml)
pluggy==1.6.0
    # via
    #   pytest
    #   pytest-cov
polars==1.40.1
    # via dominion (pyproject.toml)
polars-runtime-32==1.40.1
    # via polars
psutil==7.2.2
    # via dominion (pyproject.toml)
pyarrow==24.0.0
    # via dominion (pyproject.toml)
pydantic==2.13.3
    # via
    #   dominion (pyproject.toml)
    #   pydantic-settings
pydantic-core==2.46.3
    # via pydantic
pydantic-settings==2.14.0
    # via dominion (pyproject.toml)
pygments==2.20.0
    # via
    #   pytest
    #   rich
    #   textual
pytest==9.0.3
    # via
    #   dominion (pyproject.toml)
    #   pytest-asyncio
    #   pytest-cov
pytest-asyncio==1.3.0
    # via dominion (pyproject.toml)
pytest-cov==7.1.0
    # via dominion (pyproject.toml)
python-dateutil==2.9.0.post0
    # via pandas
python-dotenv==1.2.2
    # via
    #   dominion (pyproject.toml)
    #   pydantic-settings
pyyaml==6.0.3
    # via
    #   dominion (pyproject.toml)
    #   optuna
rich==15.0.0
    # via
    #   dominion (pyproject.toml)
    #   textual
    #   typer
scikit-learn==1.8.0
    # via
    #   dominion (pyproject.toml)
    #   shap
scipy==1.17.1
    # via
    #   dominion (pyproject.toml)
    #   lightgbm
    #   scikit-learn
    #   shap
    #   statsmodels
    #   xgboost
shap==0.51.0
    # via dominion (pyproject.toml)
shellingham==1.5.4
    # via typer
six==1.17.0
    # via python-dateutil
slicer==0.0.8
    # via shap
sortedcontainers==2.4.0
    # via hypothesis
sqlalchemy==2.0.49
    # via
    #   alembic
    #   optuna
statsmodels==0.14.6
    # via dominion (pyproject.toml)
structlog==25.5.0
    # via dominion (pyproject.toml)
sympy==1.14.0
    # via torch
tenacity==9.1.4
    # via dominion (pyproject.toml)
textual==8.2.4
    # via dominion (pyproject.toml)
threadpoolctl==3.6.0
    # via scikit-learn
torch==2.11.0
    # via dominion (pyproject.toml)
tqdm==4.67.3
    # via
    #   optuna
    #   shap
typer==0.25.0
    # via dominion (pyproject.toml)
typing-extensions==4.15.0
    # via
    #   alembic
    #   pydantic
    #   pydantic-core
    #   pytest-asyncio
    #   shap
    #   sqlalchemy
    #   textual
    #   torch
    #   typing-inspection
typing-inspection==0.4.2
    # via
    #   pydantic
    #   pydantic-settings
tzdata==2026.2
    # via
    #   dominion (pyproject.toml)
    #   pandas
uc-micro-py==2.0.0
    # via linkify-it-py
win32-setctime==1.2.0
    # via loguru
xgboost==3.2.0
    # via dominion (pyproject.toml)

# The following packages are considered to be unsafe in a requirements file:
# setuptools
